
Microsoft Visual Studio Solution File, Format Version 12.00
# Visual Studio Version 17
VisualStudioVersion = 17.5.002.0
MinimumVisualStudioVersion = 10.0.40219.1
Project("{9A19103F-16F7-4668-BE54-9A1E7A4F7556}") = "miaulang", "miaulang.csproj", "{6DBA542E-B793-4257-BC72-D8161DF80D00}"
EndProject
Global
	GlobalSection(SolutionConfigurationPlatforms) = preSolution
		Debug|Any CPU = Debug|Any CPU
		Release|Any CPU = Release|Any CPU
	EndGlobalSection
	GlobalSection(ProjectConfigurationPlatforms) = postSolution
		{6DBA542E-B793-4257-BC72-D8161DF80D00}.Debug|Any CPU.ActiveCfg = Debug|Any CPU
		{6DBA542E-B793-4257-BC72-D8161DF80D00}.Debug|Any CPU.Build.0 = Debug|Any CPU
		{6DBA542E-B793-4257-BC72-D8161DF80D00}.Release|Any CPU.ActiveCfg = Release|Any CPU
		{6DBA542E-B793-4257-BC72-D8161DF80D00}.Release|Any CPU.Build.0 = Release|Any CPU
	EndGlobalSection
	GlobalSection(SolutionProperties) = preSolution
		HideSolutionNode = FALSE
	EndGlobalSection
	GlobalSection(ExtensibilityGlobals) = postSolution
		SolutionGuid = {A60A5B4F-DE0B-4CAD-A84A-7D09FFBB55D7}
	EndGlobalSection
EndGlobal
